dependencies:
- name: postgresql
  repository: https://charts.bitnami.com/bitnami
  version: 13.1.5
- name: redis
  repository: file://charts/redis
  version: 0.1.0
- name: backend
  repository: file://charts/backend
  version: 0.1.0
- name: frontend
  repository: file://charts/frontend
  version: 0.1.0
digest: sha256:a250d63f05a9b8dc32abcd9b7690fdb10be46dad5526ffe70277cf921b034b4e
generated: "2026-06-03T00:06:12.527438+03:00"
