dependencies:
- name: postgresql
  repository: https://charts.bitnami.com/bitnami
  version: 12.1.15
- name: backend
  repository: file://./charts/backend
  version: 0.1.0
- name: frontend
  repository: file://./charts/frontend
  version: 0.1.0
digest: sha256:0c9df43d75e00dbd4f4c6b275582d5597714191ee24a02eb2539f1da7ac2651f
generated: "2026-01-06T18:44:08.336633+03:00"
